
Microsoft Visual Studio Solution File, Format Version 12.00
# Visual Studio Version 17
VisualStudioVersion = 17.13.35919.96 d17.13
MinimumVisualStudioVersion = 10.0.40219.1
Project("{FAE04EC0-301F-11D3-BF4B-00C04F79EFBC}") = "AgenciaTransito", "AgenciaTransito.csproj", "{8210B146-E14C-49A0-BD01-3681BDF4F203}"
EndProject
Global
	GlobalSection(SolutionConfigurationPlatforms) = preSolution
		Debug|Any CPU = Debug|Any CPU
		Release|Any CPU = Release|Any CPU
	EndGlobalSection
	GlobalSection(ProjectConfigurationPlatforms) = postSolution
		{8210B146-E14C-49A0-BD01-3681BDF4F203}.Debug|Any CPU.ActiveCfg = Debug|Any CPU
		{8210B146-E14C-49A0-BD01-3681BDF4F203}.Debug|Any CPU.Build.0 = Debug|Any CPU
		{8210B146-E14C-49A0-BD01-3681BDF4F203}.Release|Any CPU.ActiveCfg = Release|Any CPU
		{8210B146-E14C-49A0-BD01-3681BDF4F203}.Release|Any CPU.Build.0 = Release|Any CPU
	EndGlobalSection
	GlobalSection(SolutionProperties) = preSolution
		HideSolutionNode = FALSE
	EndGlobalSection
	GlobalSection(ExtensibilityGlobals) = postSolution
		SolutionGuid = {B7A8FF53-B062-4700-BC4D-7BFA1C4E4125}
	EndGlobalSection
EndGlobal
